// !$*UTF8*$!
{
	archiveVersion = 1;
	classes = {
	};
	objectVersion = 55;
	objects = {

/* Begin PBXBuildFile section */
		9C167E4527FE3CCD00FD6D33 /* Kick_CounterApp.swift in Sources */ = {isa = PBXBuildFile; fileRef = 9C167E4427FE3CCD00FD6D33 /* Kick_CounterApp.swift */; };
		9C167E4727FE3CCD00FD6D33 /* MenuView.swift in Sources */ = {isa = PBXBuildFile; fileRef = 9C167E4627FE3CCD00FD6D33 /* MenuView.swift */; };
		9C167E4927FE3CCE00FD6D33 /* Assets.xcassets in Resources */ = {isa = PBXBuildFile; fileRef = 9C167E4827FE3CCE00FD6D33 /* Assets.xcassets */; };
		9C167E4C27FE3CCE00FD6D33 /* Preview Assets.xcassets in Resources */ = {isa = PBXBuildFile; fileRef = 9C167E4B27FE3CCE00FD6D33 /* Preview Assets.xcassets */; };
		9C167E4E27FE3CCE00FD6D33 /* Persistence.swift in Sources */ = {isa = PBXBuildFile; fileRef = 9C167E4D27FE3CCE00FD6D33 /* Persistence.swift */; };
		9C167E5127FE3CCE00FD6D33 /* Kick_Counter.xcdatamodeld in Sources */ = {isa = PBXBuildFile; fileRef = 9C167E4F27FE3CCE00FD6D33 /* Kick_Counter.xcdatamodeld */; };
		9C167E5B27FE3CCE00FD6D33 /* Kick_CounterTests.swift in Sources */ = {isa = PBXBuildFile; fileRef = 9C167E5A27FE3CCE00FD6D33 /* Kick_CounterTests.swift */; };
		9C167E6527FE3CCE00FD6D33 /* Kick_CounterUITests.swift in Sources */ = {isa = PBXBuildFile; fileRef = 9C167E6427FE3CCE00FD6D33 /* Kick_CounterUITests.swift */; };
		9C167E6727FE3CCE00FD6D33 /* Kick_CounterUITestsLaunchTests.swift in Sources */ = {isa = PBXBuildFile; fileRef = 9C167E6627FE3CCE00FD6D33 /* Kick_CounterUITestsLaunchTests.swift */; };
		9C167E7427FE3D4C00FD6D33 /* BellyView.swift in Sources */ = {isa = PBXBuildFile; fileRef = 9C167E7327FE3D4C00FD6D33 /* BellyView.swift */; };
		9C167E7627FE486100FD6D33 /* CounterView.swift in Sources */ = {isa = PBXBuildFile; fileRef = 9C167E7527FE486100FD6D33 /* CounterView.swift */; };
		9C167E7827FE486C00FD6D33 /* HistoryView.swift in Sources */ = {isa = PBXBuildFile; fileRef = 9C167E7727FE486C00FD6D33 /* HistoryView.swift */; };
		9C167E7A27FE49FB00FD6D33 /* CounterViewModel.swift in Sources */ = {isa = PBXBuildFile; fileRef = 9C167E7927FE49FB00FD6D33 /* CounterViewModel.swift */; };
		9C167E7F27FE589E00FD6D33 /* Session+CoreDataClass.swift in Sources */ = {isa = PBXBuildFile; fileRef = 9C167E7B27FE589E00FD6D33 /* Session+CoreDataClass.swift */; };
		9C167E8027FE589E00FD6D33 /* Session+CoreDataProperties.swift in Sources */ = {isa = PBXBuildFile; fileRef = 9C167E7C27FE589E00FD6D33 /* Session+CoreDataProperties.swift */; };
		9C167E8127FE589E00FD6D33 /* Kick+CoreDataClass.swift in Sources */ = {isa = PBXBuildFile; fileRef = 9C167E7D27FE589E00FD6D33 /* Kick+CoreDataClass.swift */; };
		9C167E8227FE589E00FD6D33 /* Kick+CoreDataProperties.swift in Sources */ = {isa = PBXBuildFile; fileRef = 9C167E7E27FE589E00FD6D33 /* Kick+CoreDataProperties.swift */; };
		9C8E0BA727FF119B00763C62 /* HistoryViewModel.swift in Sources */ = {isa = PBXBuildFile; fileRef = 9C8E0BA627FF119B00763C62 /* HistoryViewModel.swift */; };
		9C8E0BA927FF158E00763C62 /* HistoryRowView.swift in Sources */ = {isa = PBXBuildFile; fileRef = 9C8E0BA827FF158E00763C62 /* HistoryRowView.swift */; };
		9C8E0BAB27FF186300763C62 /* HistoryRowViewModel.swift in Sources */ = {isa = PBXBuildFile; fileRef = 9C8E0BAA27FF186300763C62 /* HistoryRowViewModel.swift */; };
		9C8E0BAD27FF3BA800763C62 /* ReversingScale.swift in Sources */ = {isa = PBXBuildFile; fileRef = 9C8E0BAC27FF3BA800763C62 /* ReversingScale.swift */; };
		9C8E0BAF27FF425600763C62 /* BellyViewModel.swift in Sources */ = {isa = PBXBuildFile; fileRef = 9C8E0BAE27FF425600763C62 /* BellyViewModel.swift */; };
		9C8E0BB427FF833C00763C62 /* UIColor+Extensions.swift in Sources */ = {isa = PBXBuildFile; fileRef = 9C8E0BB327FF833C00763C62 /* UIColor+Extensions.swift */; };
		9C8E0BB827FF850800763C62 /* StaticButtonStyle.swift in Sources */ = {isa = PBXBuildFile; fileRef = 9C8E0BB727FF850800763C62 /* StaticButtonStyle.swift */; };
		9C8E0BBA27FF88E600763C62 /* BellyMask.swift in Sources */ = {isa = PBXBuildFile; fileRef = 9C8E0BB927FF88E600763C62 /* BellyMask.swift */; };
		9CB5C18827FFC2A30066C895 /* NavigationLazyView.swift in Sources */ = {isa = PBXBuildFile; fileRef = 9CB5C18727FFC2A30066C895 /* NavigationLazyView.swift */; };
/* End PBXBuildFile section */

/* Begin PBXContainerItemProxy section */
		9C167E5727FE3CCE00FD6D33 /* PBXContainerItemProxy */ = {
			isa = PBXContainerItemProxy;
			containerPortal = 9C167E3927FE3CCD00FD6D33 /* Project object */;
			proxyType = 1;
			remoteGlobalIDString = 9C167E4027FE3CCD00FD6D33;
			remoteInfo = "Kick Counter";
		};
		9C167E6127FE3CCE00FD6D33 /* PBXContainerItemProxy */ = {
			isa = PBXContainerItemProxy;
			containerPortal = 9C167E3927FE3CCD00FD6D33 /* Project object */;
			proxyType = 1;
			remoteGlobalIDString = 9C167E4027FE3CCD00FD6D33;
			remoteInfo = "Kick Counter";
		};
/* End PBXContainerItemProxy section */

/* Begin PBXFileReference section */
		9C167E4127FE3CCD00FD6D33 /* NORA.app */ = {isa = PBXFileReference; explicitFileType = wrapper.application; includeInIndex = 0; path = NORA.app; sourceTree = BUILT_PRODUCTS_DIR; };
		9C167E4427FE3CCD00FD6D33 /* Kick_CounterApp.swift */ = {isa = PBXFileReference; lastKnownFileType = sourcecode.swift; path = Kick_CounterApp.swift; sourceTree = "<group>"; };
		9C167E4627FE3CCD00FD6D33 /* MenuView.swift */ = {isa = PBXFileReference; lastKnownFileType = sourcecode.swift; path = MenuView.swift; sourceTree = "<group>"; };
		9C167E4827FE3CCE00FD6D33 /* Assets.xcassets */ = {isa = PBXFileReference; lastKnownFileType = folder.assetcatalog; path = Assets.xcassets; sourceTree = "<group>"; };
		9C167E4B27FE3CCE00FD6D33 /* Preview Assets.xcassets */ = {isa = PBXFileReference; lastKnownFileType = folder.assetcatalog; path = "Preview Assets.xcassets"; sourceTree = "<group>"; };
		9C167E4D27FE3CCE00FD6D33 /* Persistence.swift */ = {isa = PBXFileReference; lastKnownFileType = sourcecode.swift; path = Persistence.swift; sourceTree = "<group>"; };
		9C167E5027FE3CCE00FD6D33 /* Kick_Counter.xcdatamodel */ = {isa = PBXFileReference; lastKnownFileType = wrapper.xcdatamodel; path = Kick_Counter.xcdatamodel; sourceTree = "<group>"; };
		9C167E5627FE3CCE00FD6D33 /* Kick CounterTests.xctest */ = {isa = PBXFileReference; explicitFileType = wrapper.cfbundle; includeInIndex = 0; path = "Kick CounterTests.xctest"; sourceTree = BUILT_PRODUCTS_DIR; };
		9C167E5A27FE3CCE00FD6D33 /* Kick_CounterTests.swift */ = {isa = PBXFileReference; lastKnownFileType = sourcecode.swift; path = Kick_CounterTests.swift; sourceTree = "<group>"; };
		9C167E6027FE3CCE00FD6D33 /* Kick CounterUITests.xctest */ = {isa = PBXFileReference; explicitFileType = wrapper.cfbundle; includeInIndex = 0; path = "Kick CounterUITests.xctest"; sourceTree = BUILT_PRODUCTS_DIR; };
		9C167E6427FE3CCE00FD6D33 /* Kick_CounterUITests.swift */ = {isa = PBXFileReference; lastKnownFileType = sourcecode.swift; path = Kick_CounterUITests.swift; sourceTree = "<group>"; };
		9C167E6627FE3CCE00FD6D33 /* Kick_CounterUITestsLaunchTests.swift */ = {isa = PBXFileReference; lastKnownFileType = sourcecode.swift; path = Kick_CounterUITestsLaunchTests.swift; sourceTree = "<group>"; };
		9C167E7327FE3D4C00FD6D33 /* BellyView.swift */ = {isa = PBXFileReference; lastKnownFileType = sourcecode.swift; path = BellyView.swift; sourceTree = "<group>"; };
		9C167E7527FE486100FD6D33 /* CounterView.swift */ = {isa = PBXFileReference; lastKnownFileType = sourcecode.swift; path = CounterView.swift; sourceTree = "<group>"; };
		9C167E7727FE486C00FD6D33 /* HistoryView.swift */ = {isa = PBXFileReference; lastKnownFileType = sourcecode.swift; path = HistoryView.swift; sourceTree = "<group>"; };
		9C167E7927FE49FB00FD6D33 /* CounterViewModel.swift */ = {isa = PBXFileReference; lastKnownFileType = sourcecode.swift; path = CounterViewModel.swift; sourceTree = "<group>"; };
		9C167E7B27FE589E00FD6D33 /* Session+CoreDataClass.swift */ = {isa = PBXFileReference; lastKnownFileType = sourcecode.swift; path = "Session+CoreDataClass.swift"; sourceTree = "<group>"; };
		9C167E7C27FE589E00FD6D33 /* Session+CoreDataProperties.swift */ = {isa = PBXFileReference; lastKnownFileType = sourcecode.swift; path = "Session+CoreDataProperties.swift"; sourceTree = "<group>"; };
		9C167E7D27FE589E00FD6D33 /* Kick+CoreDataClass.swift */ = {isa = PBXFileReference; lastKnownFileType = sourcecode.swift; path = "Kick+CoreDataClass.swift"; sourceTree = "<group>"; };
		9C167E7E27FE589E00FD6D33 /* Kick+CoreDataProperties.swift */ = {isa = PBXFileReference; lastKnownFileType = sourcecode.swift; path = "Kick+CoreDataProperties.swift"; sourceTree = "<group>"; };
		9C8E0BA627FF119B00763C62 /* HistoryViewModel.swift */ = {isa = PBXFileReference; lastKnownFileType = sourcecode.swift; path = HistoryViewModel.swift; sourceTree = "<group>"; };
		9C8E0BA827FF158E00763C62 /* HistoryRowView.swift */ = {isa = PBXFileReference; lastKnownFileType = sourcecode.swift; path = HistoryRowView.swift; sourceTree = "<group>"; };
		9C8E0BAA27FF186300763C62 /* HistoryRowViewModel.swift */ = {isa = PBXFileReference; lastKnownFileType = sourcecode.swift; path = HistoryRowViewModel.swift; sourceTree = "<group>"; };
		9C8E0BAC27FF3BA800763C62 /* ReversingScale.swift */ = {isa = PBXFileReference; lastKnownFileType = sourcecode.swift; path = ReversingScale.swift; sourceTree = "<group>"; };
		9C8E0BAE27FF425600763C62 /* BellyViewModel.swift */ = {isa = PBXFileReference; lastKnownFileType = sourcecode.swift; path = BellyViewModel.swift; sourceTree = "<group>"; };
		9C8E0BB327FF833C00763C62 /* UIColor+Extensions.swift */ = {isa = PBXFileReference; lastKnownFileType = sourcecode.swift; path = "UIColor+Extensions.swift"; sourceTree = "<group>"; };
		9C8E0BB727FF850800763C62 /* StaticButtonStyle.swift */ = {isa = PBXFileReference; lastKnownFileType = sourcecode.swift; path = StaticButtonStyle.swift; sourceTree = "<group>"; };
		9C8E0BB927FF88E600763C62 /* BellyMask.swift */ = {isa = PBXFileReference; lastKnownFileType = sourcecode.swift; path = BellyMask.swift; sourceTree = "<group>"; };
		9CB5C18727FFC2A30066C895 /* NavigationLazyView.swift */ = {isa = PBXFileReference; lastKnownFileType = sourcecode.swift; path = NavigationLazyView.swift; sourceTree = "<group>"; };
/* End PBXFileReference section */

/* Begin PBXFrameworksBuildPhase section */
		9C167E3E27FE3CCD00FD6D33 /* Frameworks */ = {
			isa = PBXFrameworksBuildPhase;
			buildActionMask = 2147483647;
			files = (
			);
			runOnlyForDeploymentPostprocessing = 0;
		};
		9C167E5327FE3CCE00FD6D33 /* Frameworks */ = {
			isa = PBXFrameworksBuildPhase;
			buildActionMask = 2147483647;
			files = (
			);
			runOnlyForDeploymentPostprocessing = 0;
		};
		9C167E5D27FE3CCE00FD6D33 /* Frameworks */ = {
			isa = PBXFrameworksBuildPhase;
			buildActionMask = 2147483647;
			files = (
			);
			runOnlyForDeploymentPostprocessing = 0;
		};
/* End PBXFrameworksBuildPhase section */

/* Begin PBXGroup section */
		9C167E3827FE3CCD00FD6D33 = {
			isa = PBXGroup;
			children = (
				9C167E8727FE73ED00FD6D33 /* CoreData Models */,
				9C167E4327FE3CCD00FD6D33 /* Kick Counter */,
				9C167E5927FE3CCE00FD6D33 /* Kick CounterTests */,
				9C167E6327FE3CCE00FD6D33 /* Kick CounterUITests */,
				9C167E4227FE3CCD00FD6D33 /* Products */,
			);
			sourceTree = "<group>";
		};
		9C167E4227FE3CCD00FD6D33 /* Products */ = {
			isa = PBXGroup;
			children = (
				9C167E4127FE3CCD00FD6D33 /* NORA.app */,
				9C167E5627FE3CCE00FD6D33 /* Kick CounterTests.xctest */,
				9C167E6027FE3CCE00FD6D33 /* Kick CounterUITests.xctest */,
			);
			name = Products;
			sourceTree = "<group>";
		};
		9C167E4327FE3CCD00FD6D33 /* Kick Counter */ = {
			isa = PBXGroup;
			children = (
				9C167E4427FE3CCD00FD6D33 /* Kick_CounterApp.swift */,
				9C167E4D27FE3CCE00FD6D33 /* Persistence.swift */,
				9C167E4827FE3CCE00FD6D33 /* Assets.xcassets */,
				9C167E8427FE73C000FD6D33 /* Counter */,
				9C8E0BB227FF832D00763C62 /* Extensions */,
				9C167E8827FE740A00FD6D33 /* History */,
				9C167E4F27FE3CCE00FD6D33 /* Kick_Counter.xcdatamodeld */,
				9C8E0BB527FF835F00763C62 /* Menu */,
				9C167E4A27FE3CCE00FD6D33 /* Preview Content */,
				9C8E0BA227FE7BF000763C62 /* SwiftUIHelpers */,
				9C167E8627FE73D700FD6D33 /* ViewComponents */,
			);
			path = "Kick Counter";
			sourceTree = "<group>";
		};
		9C167E4A27FE3CCE00FD6D33 /* Preview Content */ = {
			isa = PBXGroup;
			children = (
				9C167E4B27FE3CCE00FD6D33 /* Preview Assets.xcassets */,
			);
			path = "Preview Content";
			sourceTree = "<group>";
		};
		9C167E5927FE3CCE00FD6D33 /* Kick CounterTests */ = {
			isa = PBXGroup;
			children = (
				9C167E5A27FE3CCE00FD6D33 /* Kick_CounterTests.swift */,
			);
			path = "Kick CounterTests";
			sourceTree = "<group>";
		};
		9C167E6327FE3CCE00FD6D33 /* Kick CounterUITests */ = {
			isa = PBXGroup;
			children = (
				9C167E6427FE3CCE00FD6D33 /* Kick_CounterUITests.swift */,
				9C167E6627FE3CCE00FD6D33 /* Kick_CounterUITestsLaunchTests.swift */,
			);
			path = "Kick CounterUITests";
			sourceTree = "<group>";
		};
		9C167E8327FE73B300FD6D33 /* ViewModel */ = {
			isa = PBXGroup;
			children = (
				9C167E7927FE49FB00FD6D33 /* CounterViewModel.swift */,
			);
			path = ViewModel;
			sourceTree = "<group>";
		};
		9C167E8427FE73C000FD6D33 /* Counter */ = {
			isa = PBXGroup;
			children = (
				9C167E8527FE73CA00FD6D33 /* View */,
				9C167E8327FE73B300FD6D33 /* ViewModel */,
			);
			path = Counter;
			sourceTree = "<group>";
		};
		9C167E8527FE73CA00FD6D33 /* View */ = {
			isa = PBXGroup;
			children = (
				9C167E7527FE486100FD6D33 /* CounterView.swift */,
			);
			path = View;
			sourceTree = "<group>";
		};
		9C167E8627FE73D700FD6D33 /* ViewComponents */ = {
			isa = PBXGroup;
			children = (
				9C8E0BBB27FF89A700763C62 /* Belly */,
			);
			path = ViewComponents;
			sourceTree = "<group>";
		};
		9C167E8727FE73ED00FD6D33 /* CoreData Models */ = {
			isa = PBXGroup;
			children = (
				9C167E7B27FE589E00FD6D33 /* Session+CoreDataClass.swift */,
				9C167E7C27FE589E00FD6D33 /* Session+CoreDataProperties.swift */,
				9C167E7D27FE589E00FD6D33 /* Kick+CoreDataClass.swift */,
				9C167E7E27FE589E00FD6D33 /* Kick+CoreDataProperties.swift */,
			);
			path = "CoreData Models";
			sourceTree = "<group>";
		};
		9C167E8827FE740A00FD6D33 /* History */ = {
			isa = PBXGroup;
			children = (
				9C8E0BA527FF118000763C62 /* ViewModel */,
				9C167E8927FE741000FD6D33 /* View */,
			);
			path = History;
			sourceTree = "<group>";
		};
		9C167E8927FE741000FD6D33 /* View */ = {
			isa = PBXGroup;
			children = (
				9C167E7727FE486C00FD6D33 /* HistoryView.swift */,
				9C8E0BA827FF158E00763C62 /* HistoryRowView.swift */,
			);
			path = View;
			sourceTree = "<group>";
		};
		9C8E0BA227FE7BF000763C62 /* SwiftUIHelpers */ = {
			isa = PBXGroup;
			children = (
				9C8E0BAC27FF3BA800763C62 /* ReversingScale.swift */,
				9C8E0BB727FF850800763C62 /* StaticButtonStyle.swift */,
				9CB5C18727FFC2A30066C895 /* NavigationLazyView.swift */,
			);
			path = SwiftUIHelpers;
			sourceTree = "<group>";
		};
		9C8E0BA527FF118000763C62 /* ViewModel */ = {
			isa = PBXGroup;
			children = (
				9C8E0BA627FF119B00763C62 /* HistoryViewModel.swift */,
				9C8E0BAA27FF186300763C62 /* HistoryRowViewModel.swift */,
			);
			path = ViewModel;
			sourceTree = "<group>";
		};
		9C8E0BB227FF832D00763C62 /* Extensions */ = {
			isa = PBXGroup;
			children = (
				9C8E0BB327FF833C00763C62 /* UIColor+Extensions.swift */,
			);
			path = Extensions;
			sourceTree = "<group>";
		};
		9C8E0BB527FF835F00763C62 /* Menu */ = {
			isa = PBXGroup;
			children = (
				9C8E0BB627FF838100763C62 /* View */,
			);
			path = Menu;
			sourceTree = "<group>";
		};
		9C8E0BB627FF838100763C62 /* View */ = {
			isa = PBXGroup;
			children = (
				9C167E4627FE3CCD00FD6D33 /* MenuView.swift */,
			);
			path = View;
			sourceTree = "<group>";
		};
		9C8E0BBB27FF89A700763C62 /* Belly */ = {
			isa = PBXGroup;
			children = (
				9C167E7327FE3D4C00FD6D33 /* BellyView.swift */,
				9C8E0BAE27FF425600763C62 /* BellyViewModel.swift */,
				9C8E0BB927FF88E600763C62 /* BellyMask.swift */,
			);
			path = Belly;
			sourceTree = "<group>";
		};
/* End PBXGroup section */

/* Begin PBXNativeTarget section */
		9C167E4027FE3CCD00FD6D33 /* Kick Counter */ = {
			isa = PBXNativeTarget;
			buildConfigurationList = 9C167E6A27FE3CCE00FD6D33 /* Build configuration list for PBXNativeTarget "Kick Counter" */;
			buildPhases = (
				9C167E3D27FE3CCD00FD6D33 /* Sources */,
				9C167E3E27FE3CCD00FD6D33 /* Frameworks */,
				9C167E3F27FE3CCD00FD6D33 /* Resources */,
			);
			buildRules = (
			);
			dependencies = (
			);
			name = "Kick Counter";
			productName = "Kick Counter";
			productReference = 9C167E4127FE3CCD00FD6D33 /* NORA.app */;
			productType = "com.apple.product-type.application";
		};
		9C167E5527FE3CCE00FD6D33 /* Kick CounterTests */ = {
			isa = PBXNativeTarget;
			buildConfigurationList = 9C167E6D27FE3CCE00FD6D33 /* Build configuration list for PBXNativeTarget "Kick CounterTests" */;
			buildPhases = (
				9C167E5227FE3CCE00FD6D33 /* Sources */,
				9C167E5327FE3CCE00FD6D33 /* Frameworks */,
				9C167E5427FE3CCE00FD6D33 /* Resources */,
			);
			buildRules = (
			);
			dependencies = (
				9C167E5827FE3CCE00FD6D33 /* PBXTargetDependency */,
			);
			name = "Kick CounterTests";
			productName = "Kick CounterTests";
			productReference = 9C167E5627FE3CCE00FD6D33 /* Kick CounterTests.xctest */;
			productType = "com.apple.product-type.bundle.unit-test";
		};
		9C167E5F27FE3CCE00FD6D33 /* Kick CounterUITests */ = {
			isa = PBXNativeTarget;
			buildConfigurationList = 9C167E7027FE3CCE00FD6D33 /* Build configuration list for PBXNativeTarget "Kick CounterUITests" */;
			buildPhases = (
				9C167E5C27FE3CCE00FD6D33 /* Sources */,
				9C167E5D27FE3CCE00FD6D33 /* Frameworks */,
				9C167E5E27FE3CCE00FD6D33 /* Resources */,
			);
			buildRules = (
			);
			dependencies = (
				9C167E6227FE3CCE00FD6D33 /* PBXTargetDependency */,
			);
			name = "Kick CounterUITests";
			productName = "Kick CounterUITests";
			productReference = 9C167E6027FE3CCE00FD6D33 /* Kick CounterUITests.xctest */;
			productType = "com.apple.product-type.bundle.ui-testing";
		};
/* End PBXNativeTarget section */

/* Begin PBXProject section */
		9C167E3927FE3CCD00FD6D33 /* Project object */ = {
			isa = PBXProject;
			attributes = {
				BuildIndependentTargetsInParallel = 1;
				LastSwiftUpdateCheck = 1330;
				LastUpgradeCheck = 1330;
				TargetAttributes = {
					9C167E4027FE3CCD00FD6D33 = {
						CreatedOnToolsVersion = 13.3;
					};
					9C167E5527FE3CCE00FD6D33 = {
						CreatedOnToolsVersion = 13.3;
						TestTargetID = 9C167E4027FE3CCD00FD6D33;
					};
					9C167E5F27FE3CCE00FD6D33 = {
						CreatedOnToolsVersion = 13.3;
						TestTargetID = 9C167E4027FE3CCD00FD6D33;
					};
				};
			};
			buildConfigurationList = 9C167E3C27FE3CCD00FD6D33 /* Build configuration list for PBXProject "Kick Counter" */;
			compatibilityVersion = "Xcode 13.0";
			developmentRegion = en;
			hasScannedForEncodings = 0;
			knownRegions = (
				en,
				Base,
			);
			mainGroup = 9C167E3827FE3CCD00FD6D33;
			productRefGroup = 9C167E4227FE3CCD00FD6D33 /* Products */;
			projectDirPath = "";
			projectRoot = "";
			targets = (
				9C167E4027FE3CCD00FD6D33 /* Kick Counter */,
				9C167E5527FE3CCE00FD6D33 /* Kick CounterTests */,
				9C167E5F27FE3CCE00FD6D33 /* Kick CounterUITests */,
			);
		};
/* End PBXProject section */

/* Begin PBXResourcesBuildPhase section */
		9C167E3F27FE3CCD00FD6D33 /* Resources */ = {
			isa = PBXResourcesBuildPhase;
			buildActionMask = 2147483647;
			files = (
				9C167E4C27FE3CCE00FD6D33 /* Preview Assets.xcassets in Resources */,
				9C167E4927FE3CCE00FD6D33 /* Assets.xcassets in Resources */,
			);
			runOnlyForDeploymentPostprocessing = 0;
		};
		9C167E5427FE3CCE00FD6D33 /* Resources */ = {
			isa = PBXResourcesBuildPhase;
			buildActionMask = 2147483647;
			files = (
			);
			runOnlyForDeploymentPostprocessing = 0;
		};
		9C167E5E27FE3CCE00FD6D33 /* Resources */ = {
			isa = PBXResourcesBuildPhase;
			buildActionMask = 2147483647;
			files = (
			);
			runOnlyForDeploymentPostprocessing = 0;
		};
/* End PBXResourcesBuildPhase section */

/* Begin PBXSourcesBuildPhase section */
		9C167E3D27FE3CCD00FD6D33 /* Sources */ = {
			isa = PBXSourcesBuildPhase;
			buildActionMask = 2147483647;
			files = (
				9C167E7827FE486C00FD6D33 /* HistoryView.swift in Sources */,
				9C167E8127FE589E00FD6D33 /* Kick+CoreDataClass.swift in Sources */,
				9C8E0BBA27FF88E600763C62 /* BellyMask.swift in Sources */,
				9C167E7A27FE49FB00FD6D33 /* CounterViewModel.swift in Sources */,
				9C167E7F27FE589E00FD6D33 /* Session+CoreDataClass.swift in Sources */,
				9C167E4E27FE3CCE00FD6D33 /* Persistence.swift in Sources */,
				9C167E4727FE3CCD00FD6D33 /* MenuView.swift in Sources */,
				9C8E0BB827FF850800763C62 /* StaticButtonStyle.swift in Sources */,
				9C167E5127FE3CCE00FD6D33 /* Kick_Counter.xcdatamodeld in Sources */,
				9C8E0BB427FF833C00763C62 /* UIColor+Extensions.swift in Sources */,
				9C167E4527FE3CCD00FD6D33 /* Kick_CounterApp.swift in Sources */,
				9C167E7427FE3D4C00FD6D33 /* BellyView.swift in Sources */,
				9C8E0BAF27FF425600763C62 /* BellyViewModel.swift in Sources */,
				9C8E0BAB27FF186300763C62 /* HistoryRowViewModel.swift in Sources */,
				9C167E8227FE589E00FD6D33 /* Kick+CoreDataProperties.swift in Sources */,
				9C167E8027FE589E00FD6D33 /* Session+CoreDataProperties.swift in Sources */,
				9C8E0BAD27FF3BA800763C62 /* ReversingScale.swift in Sources */,
				9CB5C18827FFC2A30066C895 /* NavigationLazyView.swift in Sources */,
				9C8E0BA727FF119B00763C62 /* HistoryViewModel.swift in Sources */,
				9C8E0BA927FF158E00763C62 /* HistoryRowView.swift in Sources */,
				9C167E7627FE486100FD6D33 /* CounterView.swift in Sources */,
			);
			runOnlyForDeploymentPostprocessing = 0;
		};
		9C167E5227FE3CCE00FD6D33 /* Sources */ = {
			isa = PBXSourcesBuildPhase;
			buildActionMask = 2147483647;
			files = (
				9C167E5B27FE3CCE00FD6D33 /* Kick_CounterTests.swift in Sources */,
			);
			runOnlyForDeploymentPostprocessing = 0;
		};
		9C167E5C27FE3CCE00FD6D33 /* Sources */ = {
			isa = PBXSourcesBuildPhase;
			buildActionMask = 2147483647;
			files = (
				9C167E6527FE3CCE00FD6D33 /* Kick_CounterUITests.swift in Sources */,
				9C167E6727FE3CCE00FD6D33 /* Kick_CounterUITestsLaunchTests.swift in Sources */,
			);
			runOnlyForDeploymentPostprocessing = 0;
		};
/* End PBXSourcesBuildPhase section */

/* Begin PBXTargetDependency section */
		9C167E5827FE3CCE00FD6D33 /* PBXTargetDependency */ = {
			isa = PBXTargetDependency;
			target = 9C167E4027FE3CCD00FD6D33 /* Kick Counter */;
			targetProxy = 9C167E5727FE3CCE00FD6D33 /* PBXContainerItemProxy */;
		};
		9C167E6227FE3CCE00FD6D33 /* PBXTargetDependency */ = {
			isa = PBXTargetDependency;
			target = 9C167E4027FE3CCD00FD6D33 /* Kick Counter */;
			targetProxy = 9C167E6127FE3CCE00FD6D33 /* PBXContainerItemProxy */;
		};
/* End PBXTargetDependency section */

/* Begin XCBuildConfiguration section */
		9C167E6827FE3CCE00FD6D33 /* Debug */ = {
			isa = XCBuildConfiguration;
			buildSettings = {
				ALWAYS_SEARCH_USER_PATHS = NO;
				CLANG_ANALYZER_NONNULL = YES;
				CLANG_ANALYZER_NUMBER_OBJECT_CONVERSION = YES_AGGRESSIVE;
				CLANG_CXX_LANGUAGE_STANDARD = "gnu++17";
				CLANG_ENABLE_MODULES = YES;
				CLANG_ENABLE_OBJC_ARC = YES;
				CLANG_ENABLE_OBJC_WEAK = YES;
				CLANG_WARN_BLOCK_CAPTURE_AUTORELEASING = YES;
				CLANG_WARN_BOOL_CONVERSION = YES;
				CLANG_WARN_COMMA = YES;
				CLANG_WARN_CONSTANT_CONVERSION = YES;
				CLANG_WARN_DEPRECATED_OBJC_IMPLEMENTATIONS = YES;
				CLANG_WARN_DIRECT_OBJC_ISA_USAGE = YES_ERROR;
				CLANG_WARN_DOCUMENTATION_COMMENTS = YES;
				CLANG_WARN_EMPTY_BODY = YES;
				CLANG_WARN_ENUM_CONVERSION = YES;
				CLANG_WARN_INFINITE_RECURSION = YES;
				CLANG_WARN_INT_CONVERSION = YES;
				CLANG_WARN_NON_LITERAL_NULL_CONVERSION = YES;
				CLANG_WARN_OBJC_IMPLICIT_RETAIN_SELF = YES;
				CLANG_WARN_OBJC_LITERAL_CONVERSION = YES;
				CLANG_WARN_OBJC_ROOT_CLASS = YES_ERROR;
				CLANG_WARN_QUOTED_INCLUDE_IN_FRAMEWORK_HEADER = YES;
				CLANG_WARN_RANGE_LOOP_ANALYSIS = YES;
				CLANG_WARN_STRICT_PROTOTYPES = YES;
				CLANG_WARN_SUSPICIOUS_MOVE = YES;
				CLANG_WARN_UNGUARDED_AVAILABILITY = YES_AGGRESSIVE;
				CLANG_WARN_UNREACHABLE_CODE = YES;
				CLANG_WARN__DUPLICATE_METHOD_MATCH = YES;
				COPY_PHASE_STRIP = NO;
				DEBUG_INFORMATION_FORMAT = dwarf;
				ENABLE_STRICT_OBJC_MSGSEND = YES;
				ENABLE_TESTABILITY = YES;
				GCC_C_LANGUAGE_STANDARD = gnu11;
				GCC_DYNAMIC_NO_PIC = NO;
				GCC_NO_COMMON_BLOCKS = YES;
				GCC_OPTIMIZATION_LEVEL = 0;
				GCC_PREPROCESSOR_DEFINITIONS = (
					"DEBUG=1",
					"$(inherited)",
				);
				GCC_WARN_64_TO_32_BIT_CONVERSION = YES;
				GCC_WARN_ABOUT_RETURN_TYPE = YES_ERROR;
				GCC_WARN_UNDECLARED_SELECTOR = YES;
				GCC_WARN_UNINITIALIZED_AUTOS = YES_AGGRESSIVE;
				GCC_WARN_UNUSED_FUNCTION = YES;
				GCC_WARN_UNUSED_VARIABLE = YES;
				IPHONEOS_DEPLOYMENT_TARGET = 15.4;
				MTL_ENABLE_DEBUG_INFO = INCLUDE_SOURCE;
				MTL_FAST_MATH = YES;
				ONLY_ACTIVE_ARCH = YES;
				SDKROOT = iphoneos;
				SWIFT_ACTIVE_COMPILATION_CONDITIONS = DEBUG;
				SWIFT_OPTIMIZATION_LEVEL = "-Onone";
			};
			name = Debug;
		};
		9C167E6927FE3CCE00FD6D33 /* Release */ = {
			isa = XCBuildConfiguration;
			buildSettings = {
				ALWAYS_SEARCH_USER_PATHS = NO;
				CLANG_ANALYZER_NONNULL = YES;
				CLANG_ANALYZER_NUMBER_OBJECT_CONVERSION = YES_AGGRESSIVE;
				CLANG_CXX_LANGUAGE_STANDARD = "gnu++17";
				CLANG_ENABLE_MODULES = YES;
				CLANG_ENABLE_OBJC_ARC = YES;
				CLANG_ENABLE_OBJC_WEAK = YES;
				CLANG_WARN_BLOCK_CAPTURE_AUTORELEASING = YES;
				CLANG_WARN_BOOL_CONVERSION = YES;
				CLANG_WARN_COMMA = YES;
				CLANG_WARN_CONSTANT_CONVERSION = YES;
				CLANG_WARN_DEPRECATED_OBJC_IMPLEMENTATIONS = YES;
				CLANG_WARN_DIRECT_OBJC_ISA_USAGE = YES_ERROR;
				CLANG_WARN_DOCUMENTATION_COMMENTS = YES;
				CLANG_WARN_EMPTY_BODY = YES;
				CLANG_WARN_ENUM_CONVERSION = YES;
				CLANG_WARN_INFINITE_RECURSION = YES;
				CLANG_WARN_INT_CONVERSION = YES;
				CLANG_WARN_NON_LITERAL_NULL_CONVERSION = YES;
				CLANG_WARN_OBJC_IMPLICIT_RETAIN_SELF = YES;
				CLANG_WARN_OBJC_LITERAL_CONVERSION = YES;
				CLANG_WARN_OBJC_ROOT_CLASS = YES_ERROR;
				CLANG_WARN_QUOTED_INCLUDE_IN_FRAMEWORK_HEADER = YES;
				CLANG_WARN_RANGE_LOOP_ANALYSIS = YES;
				CLANG_WARN_STRICT_PROTOTYPES = YES;
				CLANG_WARN_SUSPICIOUS_MOVE = YES;
				CLANG_WARN_UNGUARDED_AVAILABILITY = YES_AGGRESSIVE;
				CLANG_WARN_UNREACHABLE_CODE = YES;
				CLANG_WARN__DUPLICATE_METHOD_MATCH = YES;
				COPY_PHASE_STRIP = NO;
				DEBUG_INFORMATION_FORMAT = "dwarf-with-dsym";
				ENABLE_NS_ASSERTIONS = NO;
				ENABLE_STRICT_OBJC_MSGSEND = YES;
				GCC_C_LANGUAGE_STANDARD = gnu11;
				GCC_NO_COMMON_BLOCKS = YES;
				GCC_WARN_64_TO_32_BIT_CONVERSION = YES;
				GCC_WARN_ABOUT_RETURN_TYPE = YES_ERROR;
				GCC_WARN_UNDECLARED_SELECTOR = YES;
				GCC_WARN_UNINITIALIZED_AUTOS = YES_AGGRESSIVE;
				GCC_WARN_UNUSED_FUNCTION = YES;
				GCC_WARN_UNUSED_VARIABLE = YES;
				IPHONEOS_DEPLOYMENT_TARGET = 15.4;
				MTL_ENABLE_DEBUG_INFO = NO;
				MTL_FAST_MATH = YES;
				SDKROOT = iphoneos;
				SWIFT_COMPILATION_MODE = wholemodule;
				SWIFT_OPTIMIZATION_LEVEL = "-O";
				VALIDATE_PRODUCT = YES;
			};
			name = Release;
		};
		9C167E6B27FE3CCE00FD6D33 /* Debug */ = {
			isa = XCBuildConfiguration;
			buildSettings = {
				ASSETCATALOG_COMPILER_APPICON_NAME = AppIcon;
				ASSETCATALOG_COMPILER_GLOBAL_ACCENT_COLOR_NAME = AccentColor;
				CODE_SIGN_STYLE = Automatic;
				CURRENT_PROJECT_VERSION = 3;
				DEVELOPMENT_ASSET_PATHS = "\"Kick Counter/Preview Content\"";
				DEVELOPMENT_TEAM = GF898R7MZ6;
				ENABLE_PREVIEWS = YES;
				GENERATE_INFOPLIST_FILE = YES;
				INFOPLIST_KEY_UIApplicationSceneManifest_Generation = YES;
				INFOPLIST_KEY_UIApplicationSupportsIndirectInputEvents = YES;
				INFOPLIST_KEY_UILaunchScreen_Generation = YES;
				INFOPLIST_KEY_UISupportedInterfaceOrientations = "UIInterfaceOrientationPortrait UIInterfaceOrientationPortraitUpsideDown";
				INFOPLIST_KEY_UISupportedInterfaceOrientations_iPad = "UIInterfaceOrientationPortrait UIInterfaceOrientationPortraitUpsideDown UIInterfaceOrientationLandscapeLeft UIInterfaceOrientationLandscapeRight";
				INFOPLIST_KEY_UISupportedInterfaceOrientations_iPhone = "UIInterfaceOrientationPortrait UIInterfaceOrientationPortraitUpsideDown";
				IPHONEOS_DEPLOYMENT_TARGET = 15.0;
				LD_RUNPATH_SEARCH_PATHS = (
					"$(inherited)",
					"@executable_path/Frameworks",
				);
				MARKETING_VERSION = 1.01;
				PRODUCT_BUNDLE_IDENTIFIER = "bk.Kick-Counter";
				PRODUCT_NAME = NORA;
				SWIFT_EMIT_LOC_STRINGS = YES;
				SWIFT_VERSION = 5.0;
				TARGETED_DEVICE_FAMILY = "1,2";
			};
			name = Debug;
		};
		9C167E6C27FE3CCE00FD6D33 /* Release */ = {
			isa = XCBuildConfiguration;
			buildSettings = {
				ASSETCATALOG_COMPILER_APPICON_NAME = AppIcon;
				ASSETCATALOG_COMPILER_GLOBAL_ACCENT_COLOR_NAME = AccentColor;
				CODE_SIGN_STYLE = Automatic;
				CURRENT_PROJECT_VERSION = 3;
				DEVELOPMENT_ASSET_PATHS = "\"Kick Counter/Preview Content\"";
				DEVELOPMENT_TEAM = GF898R7MZ6;
				ENABLE_PREVIEWS = YES;
				GENERATE_INFOPLIST_FILE = YES;
				INFOPLIST_KEY_UIApplicationSceneManifest_Generation = YES;
				INFOPLIST_KEY_UIApplicationSupportsIndirectInputEvents = YES;
				INFOPLIST_KEY_UILaunchScreen_Generation = YES;
				INFOPLIST_KEY_UISupportedInterfaceOrientations = "UIInterfaceOrientationPortrait UIInterfaceOrientationPortraitUpsideDown";
				INFOPLIST_KEY_UISupportedInterfaceOrientations_iPad = "UIInterfaceOrientationPortrait UIInterfaceOrientationPortraitUpsideDown UIInterfaceOrientationLandscapeLeft UIInterfaceOrientationLandscapeRight";
				INFOPLIST_KEY_UISupportedInterfaceOrientations_iPhone = "UIInterfaceOrientationPortrait UIInterfaceOrientationPortraitUpsideDown";
				IPHONEOS_DEPLOYMENT_TARGET = 15.0;
				LD_RUNPATH_SEARCH_PATHS = (
					"$(inherited)",
					"@executable_path/Frameworks",
				);
				MARKETING_VERSION = 1.01;
				PRODUCT_BUNDLE_IDENTIFIER = "bk.Kick-Counter";
				PRODUCT_NAME = NORA;
				SWIFT_EMIT_LOC_STRINGS = YES;
				SWIFT_VERSION = 5.0;
				TARGETED_DEVICE_FAMILY = "1,2";
			};
			name = Release;
		};
		9C167E6E27FE3CCE00FD6D33 /* Debug */ = {
			isa = XCBuildConfiguration;
			buildSettings = {
				ALWAYS_EMBED_SWIFT_STANDARD_LIBRARIES = YES;
				BUNDLE_LOADER = "$(TEST_HOST)";
				CODE_SIGN_STYLE = Automatic;
				CURRENT_PROJECT_VERSION = 1;
				DEVELOPMENT_TEAM = GF898R7MZ6;
				GENERATE_INFOPLIST_FILE = YES;
				IPHONEOS_DEPLOYMENT_TARGET = 15.4;
				MARKETING_VERSION = 1.0;
				PRODUCT_BUNDLE_IDENTIFIER = "bk.Kick-CounterTests";
				PRODUCT_NAME = "$(TARGET_NAME)";
				SWIFT_EMIT_LOC_STRINGS = NO;
				SWIFT_VERSION = 5.0;
				TARGETED_DEVICE_FAMILY = "1,2";
				TEST_HOST = "$(BUILT_PRODUCTS_DIR)/Kick Counter.app/Kick Counter";
			};
			name = Debug;
		};
		9C167E6F27FE3CCE00FD6D33 /* Release */ = {
			isa = XCBuildConfiguration;
			buildSettings = {
				ALWAYS_EMBED_SWIFT_STANDARD_LIBRARIES = YES;
				BUNDLE_LOADER = "$(TEST_HOST)";
				CODE_SIGN_STYLE = Automatic;
				CURRENT_PROJECT_VERSION = 1;
				DEVELOPMENT_TEAM = GF898R7MZ6;
				GENERATE_INFOPLIST_FILE = YES;
				IPHONEOS_DEPLOYMENT_TARGET = 15.4;
				MARKETING_VERSION = 1.0;
				PRODUCT_BUNDLE_IDENTIFIER = "bk.Kick-CounterTests";
				PRODUCT_NAME = "$(TARGET_NAME)";
				SWIFT_EMIT_LOC_STRINGS = NO;
				SWIFT_VERSION = 5.0;
				TARGETED_DEVICE_FAMILY = "1,2";
				TEST_HOST = "$(BUILT_PRODUCTS_DIR)/Kick Counter.app/Kick Counter";
			};
			name = Release;
		};
		9C167E7127FE3CCE00FD6D33 /* Debug */ = {
			isa = XCBuildConfiguration;
			buildSettings = {
				ALWAYS_EMBED_SWIFT_STANDARD_LIBRARIES = YES;
				CODE_SIGN_STYLE = Automatic;
				CURRENT_PROJECT_VERSION = 1;
				DEVELOPMENT_TEAM = GF898R7MZ6;
				GENERATE_INFOPLIST_FILE = YES;
				MARKETING_VERSION = 1.0;
				PRODUCT_BUNDLE_IDENTIFIER = "bk.Kick-CounterUITests";
				PRODUCT_NAME = "$(TARGET_NAME)";
				SWIFT_EMIT_LOC_STRINGS = NO;
				SWIFT_VERSION = 5.0;
				TARGETED_DEVICE_FAMILY = "1,2";
				TEST_TARGET_NAME = "Kick Counter";
			};
			name = Debug;
		};
		9C167E7227FE3CCE00FD6D33 /* Release */ = {
			isa = XCBuildConfiguration;
			buildSettings = {
				ALWAYS_EMBED_SWIFT_STANDARD_LIBRARIES = YES;
				CODE_SIGN_STYLE = Automatic;
				CURRENT_PROJECT_VERSION = 1;
				DEVELOPMENT_TEAM = GF898R7MZ6;
				GENERATE_INFOPLIST_FILE = YES;
				MARKETING_VERSION = 1.0;
				PRODUCT_BUNDLE_IDENTIFIER = "bk.Kick-CounterUITests";
				PRODUCT_NAME = "$(TARGET_NAME)";
				SWIFT_EMIT_LOC_STRINGS = NO;
				SWIFT_VERSION = 5.0;
				TARGETED_DEVICE_FAMILY = "1,2";
				TEST_TARGET_NAME = "Kick Counter";
			};
			name = Release;
		};
/* End XCBuildConfiguration section */

/* Begin XCConfigurationList section */
		9C167E3C27FE3CCD00FD6D33 /* Build configuration list for PBXProject "Kick Counter" */ = {
			isa = XCConfigurationList;
			buildConfigurations = (
				9C167E6827FE3CCE00FD6D33 /* Debug */,
				9C167E6927FE3CCE00FD6D33 /* Release */,
			);
			defaultConfigurationIsVisible = 0;
			defaultConfigurationName = Release;
		};
		9C167E6A27FE3CCE00FD6D33 /* Build configuration list for PBXNativeTarget "Kick Counter" */ = {
			isa = XCConfigurationList;
			buildConfigurations = (
				9C167E6B27FE3CCE00FD6D33 /* Debug */,
				9C167E6C27FE3CCE00FD6D33 /* Release */,
			);
			defaultConfigurationIsVisible = 0;
			defaultConfigurationName = Release;
		};
		9C167E6D27FE3CCE00FD6D33 /* Build configuration list for PBXNativeTarget "Kick CounterTests" */ = {
			isa = XCConfigurationList;
			buildConfigurations = (
				9C167E6E27FE3CCE00FD6D33 /* Debug */,
				9C167E6F27FE3CCE00FD6D33 /* Release */,
			);
			defaultConfigurationIsVisible = 0;
			defaultConfigurationName = Release;
		};
		9C167E7027FE3CCE00FD6D33 /* Build configuration list for PBXNativeTarget "Kick CounterUITests" */ = {
			isa = XCConfigurationList;
			buildConfigurations = (
				9C167E7127FE3CCE00FD6D33 /* Debug */,
				9C167E7227FE3CCE00FD6D33 /* Release */,
			);
			defaultConfigurationIsVisible = 0;
			defaultConfigurationName = Release;
		};
/* End XCConfigurationList section */

/* Begin XCVersionGroup section */
		9C167E4F27FE3CCE00FD6D33 /* Kick_Counter.xcdatamodeld */ = {
			isa = XCVersionGroup;
			children = (
				9C167E5027FE3CCE00FD6D33 /* Kick_Counter.xcdatamodel */,
			);
			currentVersion = 9C167E5027FE3CCE00FD6D33 /* Kick_Counter.xcdatamodel */;
			path = Kick_Counter.xcdatamodeld;
			sourceTree = "<group>";
			versionGroupType = wrapper.xcdatamodel;
		};
/* End XCVersionGroup section */
	};
	rootObject = 9C167E3927FE3CCD00FD6D33 /* Project object */;
}
